// !$*UTF8*$!
{
	archiveVersion = 1;
	classes = {
	};
	objectVersion = 46;
	objects = {

/* Begin PBXBuildFile section */
		49257DE71D64F14600540BA3 /* main.m in Sources */ = {isa = PBXBuildFile; fileRef = 49257DE61D64F14600540BA3 /* main.m */; };
		49257DEF1D64F2BB00540BA3 /* Novice.m in Sources */ = {isa = PBXBuildFile; fileRef = 49257DEE1D64F2BB00540BA3 /* Novice.m */; };
		49257DF21D65119200540BA3 /* Thief.m in Sources */ = {isa = PBXBuildFile; fileRef = 49257DF11D65119200540BA3 /* Thief.m */; };
/* End PBXBuildFile section */

/* Begin PBXCopyFilesBuildPhase section */
		49257DE11D64F14600540BA3 /* CopyFiles */ = {
			isa = PBXCopyFilesBuildPhase;
			buildActionMask = 2147483647;
			dstPath = /usr/share/man/man1/;
			dstSubfolderSpec = 0;
			files = (
			);
			runOnlyForDeploymentPostprocessing = 1;
		};
/* End PBXCopyFilesBuildPhase section */

/* Begin PBXFileReference section */
		49257DE31D64F14600540BA3 /* Classes and Subclasses */ = {isa = PBXFileReference; explicitFileType = "compiled.mach-o.executable"; includeInIndex = 0; path = "Classes and Subclasses"; sourceTree = BUILT_PRODUCTS_DIR; };
		49257DE61D64F14600540BA3 /* main.m */ = {isa = PBXFileReference; lastKnownFileType = sourcecode.c.objc; path = main.m; sourceTree = "<group>"; };
		49257DED1D64F2BB00540BA3 /* Novice.h */ = {isa = PBXFileReference; fileEncoding = 4; lastKnownFileType = sourcecode.c.h; path = Novice.h; sourceTree = "<group>"; };
		49257DEE1D64F2BB00540BA3 /* Novice.m */ = {isa = PBXFileReference; fileEncoding = 4; lastKnownFileType = sourcecode.c.objc; path = Novice.m; sourceTree = "<group>"; };
		49257DF01D65119200540BA3 /* Thief.h */ = {isa = PBXFileReference; fileEncoding = 4; lastKnownFileType = sourcecode.c.h; path = Thief.h; sourceTree = "<group>"; };
		49257DF11D65119200540BA3 /* Thief.m */ = {isa = PBXFileReference; fileEncoding = 4; lastKnownFileType = sourcecode.c.objc; path = Thief.m; sourceTree = "<group>"; };
/* End PBXFileReference section */

/* Begin PBXFrameworksBuildPhase section */
		49257DE01D64F14600540BA3 /* Frameworks */ = {
			isa = PBXFrameworksBuildPhase;
			buildActionMask = 2147483647;
			files = (
			);
			runOnlyForDeploymentPostprocessing = 0;
		};
/* End PBXFrameworksBuildPhase section */

/* Begin PBXGroup section */
		49257DDA1D64F14600540BA3 = {
			isa = PBXGroup;
			children = (
				49257DE51D64F14600540BA3 /* Classes and Subclasses */,
				49257DE41D64F14600540BA3 /* Products */,
			);
			sourceTree = "<group>";
		};
		49257DE41D64F14600540BA3 /* Products */ = {
			isa = PBXGroup;
			children = (
				49257DE31D64F14600540BA3 /* Classes and Subclasses */,
			);
			name = Products;
			sourceTree = "<group>";
		};
		49257DE51D64F14600540BA3 /* Classes and Subclasses */ = {
			isa = PBXGroup;
			children = (
				49257DE61D64F14600540BA3 /* main.m */,
				49257DED1D64F2BB00540BA3 /* Novice.h */,
				49257DF01D65119200540BA3 /* Thief.h */,
				49257DF11D65119200540BA3 /* Thief.m */,
				49257DEE1D64F2BB00540BA3 /* Novice.m */,
			);
			path = "Classes and Subclasses";
			sourceTree = "<group>";
		};
/* End PBXGroup section */

/* Begin PBXNativeTarget section */
		49257DE21D64F14600540BA3 /* Classes and Subclasses */ = {
			isa = PBXNativeTarget;
			buildConfigurationList = 49257DEA1D64F14600540BA3 /* Build configuration list for PBXNativeTarget "Classes and Subclasses" */;
			buildPhases = (
				49257DDF1D64F14600540BA3 /* Sources */,
				49257DE01D64F14600540BA3 /* Frameworks */,
				49257DE11D64F14600540BA3 /* CopyFiles */,
			);
			buildRules = (
			);
			dependencies = (
			);
			name = "Classes and Subclasses";
			productName = "Classes and Subclasses";
			productReference = 49257DE31D64F14600540BA3 /* Classes and Subclasses */;
			productType = "com.apple.product-type.tool";
		};
/* End PBXNativeTarget section */

/* Begin PBXProject section */
		49257DDB1D64F14600540BA3 /* Project object */ = {
			isa = PBXProject;
			attributes = {
				LastUpgradeCheck = 0800;
				ORGANIZATIONNAME = Invictus;
				TargetAttributes = {
					49257DE21D64F14600540BA3 = {
						CreatedOnToolsVersion = 8.0;
						ProvisioningStyle = Automatic;
					};
				};
			};
			buildConfigurationList = 49257DDE1D64F14600540BA3 /* Build configuration list for PBXProject "Classes and Subclasses" */;
			compatibilityVersion = "Xcode 3.2";
			developmentRegion = English;
			hasScannedForEncodings = 0;
			knownRegions = (
				en,
			);
			mainGroup = 49257DDA1D64F14600540BA3;
			productRefGroup = 49257DE41D64F14600540BA3 /* Products */;
			projectDirPath = "";
			projectRoot = "";
			targets = (
				49257DE21D64F14600540BA3 /* Classes and Subclasses */,
			);
		};
/* End PBXProject section */

/* Begin PBXSourcesBuildPhase section */
		49257DDF1D64F14600540BA3 /* Sources */ = {
			isa = PBXSourcesBuildPhase;
			buildActionMask = 2147483647;
			files = (
				49257DF21D65119200540BA3 /* Thief.m in Sources */,
				49257DE71D64F14600540BA3 /* main.m in Sources */,
				49257DEF1D64F2BB00540BA3 /* Novice.m in Sources */,
			);
			runOnlyForDeploymentPostprocessing = 0;
		};
/* End PBXSourcesBuildPhase section */

/* Begin XCBuildConfiguration section */
		49257DE81D64F14600540BA3 /* Debug */ = {
			isa = XCBuildConfiguration;
			buildSettings = {
				ALWAYS_SEARCH_USER_PATHS = NO;
				CLANG_ANALYZER_NONNULL = YES;
				CLANG_CXX_LANGUAGE_STANDARD = "gnu++0x";
				CLANG_CXX_LIBRARY = "libc++";
				CLANG_ENABLE_MODULES = YES;
				CLANG_ENABLE_OBJC_ARC = YES;
				CLANG_WARN_BOOL_CONVERSION = YES;
				CLANG_WARN_CONSTANT_CONVERSION = YES;
				CLANG_WARN_DIRECT_OBJC_ISA_USAGE = YES_ERROR;
				CLANG_WARN_DOCUMENTATION_COMMENTS = YES;
				CLANG_WARN_EMPTY_BODY = YES;
				CLANG_WARN_ENUM_CONVERSION = YES;
				CLANG_WARN_INFINITE_RECURSION = YES;
				CLANG_WARN_INT_CONVERSION = YES;
				CLANG_WARN_OBJC_ROOT_CLASS = YES_ERROR;
				CLANG_WARN_SUSPICIOUS_MOVES = YES;
				CLANG_WARN_UNREACHABLE_CODE = YES;
				CLANG_WARN__DUPLICATE_METHOD_MATCH = YES;
				CODE_SIGN_IDENTITY = "-";
				COPY_PHASE_STRIP = NO;
				DEBUG_INFORMATION_FORMAT = dwarf;
				ENABLE_STRICT_OBJC_MSGSEND = YES;
				ENABLE_TESTABILITY = YES;
				GCC_C_LANGUAGE_STANDARD = gnu99;
				GCC_DYNAMIC_NO_PIC = NO;
				GCC_NO_COMMON_BLOCKS = YES;
				GCC_OPTIMIZATION_LEVEL = 0;
				GCC_PREPROCESSOR_DEFINITIONS = (
					"DEBUG=1",
					"$(inherited)",
				);
				GCC_WARN_64_TO_32_BIT_CONVERSION = YES;
				GCC_WARN_ABOUT_RETURN_TYPE = YES_ERROR;
				GCC_WARN_UNDECLARED_SELECTOR = YES;
				GCC_WARN_UNINITIALIZED_AUTOS = YES_AGGRESSIVE;
				GCC_WARN_UNUSED_FUNCTION = YES;
				GCC_WARN_UNUSED_VARIABLE = YES;
				MACOSX_DEPLOYMENT_TARGET = 10.11;
				MTL_ENABLE_DEBUG_INFO = YES;
				ONLY_ACTIVE_ARCH = YES;
				SDKROOT = macosx;
			};
			name = Debug;
		};
		49257DE91D64F14600540BA3 /* Release */ = {
			isa = XCBuildConfiguration;
			buildSettings = {
				ALWAYS_SEARCH_USER_PATHS = NO;
				CLANG_ANALYZER_NONNULL = YES;
				CLANG_CXX_LANGUAGE_STANDARD = "gnu++0x";
				CLANG_CXX_LIBRARY = "libc++";
				CLANG_ENABLE_MODULES = YES;
				CLANG_ENABLE_OBJC_ARC = YES;
				CLANG_WARN_BOOL_CONVERSION = YES;
				CLANG_WARN_CONSTANT_CONVERSION = YES;
				CLANG_WARN_DIRECT_OBJC_ISA_USAGE = YES_ERROR;
				CLANG_WARN_DOCUMENTATION_COMMENTS = YES;
				CLANG_WARN_EMPTY_BODY = YES;
				CLANG_WARN_ENUM_CONVERSION = YES;
				CLANG_WARN_INFINITE_RECURSION = YES;
				CLANG_WARN_INT_CONVERSION = YES;
				CLANG_WARN_OBJC_ROOT_CLASS = YES_ERROR;
				CLANG_WARN_SUSPICIOUS_MOVES = YES;
				CLANG_WARN_UNREACHABLE_CODE = YES;
				CLANG_WARN__DUPLICATE_METHOD_MATCH = YES;
				CODE_SIGN_IDENTITY = "-";
				COPY_PHASE_STRIP = NO;
				DEBUG_INFORMATION_FORMAT = "dwarf-with-dsym";
				ENABLE_NS_ASSERTIONS = NO;
				ENABLE_STRICT_OBJC_MSGSEND = YES;
				GCC_C_LANGUAGE_STANDARD = gnu99;
				GCC_NO_COMMON_BLOCKS = YES;
				GCC_WARN_64_TO_32_BIT_CONVERSION = YES;
				GCC_WARN_ABOUT_RETURN_TYPE = YES_ERROR;
				GCC_WARN_UNDECLARED_SELECTOR = YES;
				GCC_WARN_UNINITIALIZED_AUTOS = YES_AGGRESSIVE;
				GCC_WARN_UNUSED_FUNCTION = YES;
				GCC_WARN_UNUSED_VARIABLE = YES;
				MACOSX_DEPLOYMENT_TARGET = 10.11;
				MTL_ENABLE_DEBUG_INFO = NO;
				SDKROOT = macosx;
			};
			name = Release;
		};
		49257DEB1D64F14600540BA3 /* Debug */ = {
			isa = XCBuildConfiguration;
			buildSettings = {
				PRODUCT_NAME = "$(TARGET_NAME)";
			};
			name = Debug;
		};
		49257DEC1D64F14600540BA3 /* Release */ = {
			isa = XCBuildConfiguration;
			buildSettings = {
				PRODUCT_NAME = "$(TARGET_NAME)";
			};
			name = Release;
		};
/* End XCBuildConfiguration section */

/* Begin XCConfigurationList section */
		49257DDE1D64F14600540BA3 /* Build configuration list for PBXProject "Classes and Subclasses" */ = {
			isa = XCConfigurationList;
			buildConfigurations = (
				49257DE81D64F14600540BA3 /* Debug */,
				49257DE91D64F14600540BA3 /* Release */,
			);
			defaultConfigurationIsVisible = 0;
			defaultConfigurationName = Release;
		};
		49257DEA1D64F14600540BA3 /* Build configuration list for PBXNativeTarget "Classes and Subclasses" */ = {
			isa = XCConfigurationList;
			buildConfigurations = (
				49257DEB1D64F14600540BA3 /* Debug */,
				49257DEC1D64F14600540BA3 /* Release */,
			);
			defaultConfigurationIsVisible = 0;
		};
/* End XCConfigurationList section */
	};
	rootObject = 49257DDB1D64F14600540BA3 /* Project object */;
}
